
Microsoft Visual Studio Solution File, Format Version 12.00
# Visual Studio 15
VisualStudioVersion = 15.0.27428.2037
MinimumVisualStudioVersion = 10.0.40219.1
Project("{9A19103F-16F7-4668-BE54-9A1E7A4F7556}") = "PowerHub.Core.Api", "PowerHub.Core.Api\PowerHub.Core.Api.csproj", "{CF37FA59-048D-4D95-89F8-5F08852D9802}"
EndProject
Project("{2150E333-8FDC-42A3-9474-1A3956D46DE8}") = "PowerHub Core API", "PowerHub Core API", "{D20B33DF-7103-4795-A837-FE366DC175F2}"
EndProject
Project("{2150E333-8FDC-42A3-9474-1A3956D46DE8}") = "PowerHub Core DAL", "PowerHub Core DAL", "{01AF5540-9EFB-4F54-AD9D-7A92C18740E7}"
EndProject
Project("{9A19103F-16F7-4668-BE54-9A1E7A4F7556}") = "PowerHub.Core.Dal", "PowerHub.Core.Dal\PowerHub.Core.Dal.csproj", "{2771FB90-210F-438F-9C14-B49FC7870304}"
EndProject
Project("{9A19103F-16F7-4668-BE54-9A1E7A4F7556}") = "PowerHub.Core.Dal.ClientDbEntities", "PowerHub.Core.Dal.ClientDbEntities\PowerHub.Core.Dal.ClientDbEntities.csproj", "{D5BA80A6-117D-4826-91FD-A61AF39D6CDD}"
EndProject
Project("{2150E333-8FDC-42A3-9474-1A3956D46DE8}") = "PowerHub Core Utils", "PowerHub Core Utils", "{B2344115-DC32-49E9-8FF5-0656A2D8D053}"
EndProject
Project("{9A19103F-16F7-4668-BE54-9A1E7A4F7556}") = "PowerHub.Core.Utils", "PowerHub.Core.Utils\PowerHub.Core.Utils.csproj", "{09E583C0-0D2B-4D8F-B786-979E5395F764}"
EndProject
Project("{2150E333-8FDC-42A3-9474-1A3956D46DE8}") = "PowerHub Core BLL", "PowerHub Core BLL", "{2CF2E65A-AF58-4F69-9E6C-6CAB76D047C6}"
EndProject
Project("{9A19103F-16F7-4668-BE54-9A1E7A4F7556}") = "PowerHub.Core.Bll", "PowerHub.Core.Bll\PowerHub.Core.Bll.csproj", "{D9EDA6E3-90E6-4774-B9C2-D88303C324CE}"
EndProject
Global
	GlobalSection(SolutionConfigurationPlatforms) = preSolution
		Debug|Any CPU = Debug|Any CPU
		Release|Any CPU = Release|Any CPU
	EndGlobalSection
	GlobalSection(ProjectConfigurationPlatforms) = postSolution
		{CF37FA59-048D-4D95-89F8-5F08852D9802}.Debug|Any CPU.ActiveCfg = Debug|Any CPU
		{CF37FA59-048D-4D95-89F8-5F08852D9802}.Debug|Any CPU.Build.0 = Debug|Any CPU
		{CF37FA59-048D-4D95-89F8-5F08852D9802}.Release|Any CPU.ActiveCfg = Release|Any CPU
		{CF37FA59-048D-4D95-89F8-5F08852D9802}.Release|Any CPU.Build.0 = Release|Any CPU
		{2771FB90-210F-438F-9C14-B49FC7870304}.Debug|Any CPU.ActiveCfg = Debug|Any CPU
		{2771FB90-210F-438F-9C14-B49FC7870304}.Debug|Any CPU.Build.0 = Debug|Any CPU
		{2771FB90-210F-438F-9C14-B49FC7870304}.Release|Any CPU.ActiveCfg = Release|Any CPU
		{2771FB90-210F-438F-9C14-B49FC7870304}.Release|Any CPU.Build.0 = Release|Any CPU
		{D5BA80A6-117D-4826-91FD-A61AF39D6CDD}.Debug|Any CPU.ActiveCfg = Debug|Any CPU
		{D5BA80A6-117D-4826-91FD-A61AF39D6CDD}.Debug|Any CPU.Build.0 = Debug|Any CPU
		{D5BA80A6-117D-4826-91FD-A61AF39D6CDD}.Release|Any CPU.ActiveCfg = Release|Any CPU
		{D5BA80A6-117D-4826-91FD-A61AF39D6CDD}.Release|Any CPU.Build.0 = Release|Any CPU
		{09E583C0-0D2B-4D8F-B786-979E5395F764}.Debug|Any CPU.ActiveCfg = Debug|Any CPU
		{09E583C0-0D2B-4D8F-B786-979E5395F764}.Debug|Any CPU.Build.0 = Debug|Any CPU
		{09E583C0-0D2B-4D8F-B786-979E5395F764}.Release|Any CPU.ActiveCfg = Release|Any CPU
		{09E583C0-0D2B-4D8F-B786-979E5395F764}.Release|Any CPU.Build.0 = Release|Any CPU
		{D9EDA6E3-90E6-4774-B9C2-D88303C324CE}.Debug|Any CPU.ActiveCfg = Debug|Any CPU
		{D9EDA6E3-90E6-4774-B9C2-D88303C324CE}.Debug|Any CPU.Build.0 = Debug|Any CPU
		{D9EDA6E3-90E6-4774-B9C2-D88303C324CE}.Release|Any CPU.ActiveCfg = Release|Any CPU
		{D9EDA6E3-90E6-4774-B9C2-D88303C324CE}.Release|Any CPU.Build.0 = Release|Any CPU
	EndGlobalSection
	GlobalSection(SolutionProperties) = preSolution
		HideSolutionNode = FALSE
	EndGlobalSection
	GlobalSection(NestedProjects) = preSolution
		{CF37FA59-048D-4D95-89F8-5F08852D9802} = {D20B33DF-7103-4795-A837-FE366DC175F2}
		{2771FB90-210F-438F-9C14-B49FC7870304} = {01AF5540-9EFB-4F54-AD9D-7A92C18740E7}
		{D5BA80A6-117D-4826-91FD-A61AF39D6CDD} = {01AF5540-9EFB-4F54-AD9D-7A92C18740E7}
		{09E583C0-0D2B-4D8F-B786-979E5395F764} = {B2344115-DC32-49E9-8FF5-0656A2D8D053}
		{D9EDA6E3-90E6-4774-B9C2-D88303C324CE} = {2CF2E65A-AF58-4F69-9E6C-6CAB76D047C6}
	EndGlobalSection
	GlobalSection(ExtensibilityGlobals) = postSolution
		SolutionGuid = {4115E348-72EA-49DC-8F91-9CF60FA9ABF7}
	EndGlobalSection
EndGlobal
